
Microsoft Visual Studio Solution File, Format Version 12.00
# Visual Studio 2013
VisualStudioVersion = 12.0.30110.0
MinimumVisualStudioVersion = 10.0.40219.1
Project("{FAE04EC0-301F-11D3-BF4B-00C04F79EFBC}") = "SamplePHApp", "SamplePHApp\SamplePHApp.csproj", "{90FC41E6-744A-4881-85CC-03406984C4EF}"
EndProject
Project("{FAE04EC0-301F-11D3-BF4B-00C04F79EFBC}") = "SamplePHAppWeb", "SamplePHAppWeb\SamplePHAppWeb.csproj", "{E1FE921E-D549-46EB-A71C-AAE72501261A}"
EndProject
Global
	GlobalSection(SolutionConfigurationPlatforms) = preSolution
		Debug|Any CPU = Debug|Any CPU
		Release|Any CPU = Release|Any CPU
	EndGlobalSection
	GlobalSection(ProjectConfigurationPlatforms) = postSolution
		{90FC41E6-744A-4881-85CC-03406984C4EF}.Debug|Any CPU.ActiveCfg = Debug|Any CPU
		{90FC41E6-744A-4881-85CC-03406984C4EF}.Debug|Any CPU.Build.0 = Debug|Any CPU
		{90FC41E6-744A-4881-85CC-03406984C4EF}.Debug|Any CPU.Deploy.0 = Debug|Any CPU
		{90FC41E6-744A-4881-85CC-03406984C4EF}.Release|Any CPU.ActiveCfg = Release|Any CPU
		{90FC41E6-744A-4881-85CC-03406984C4EF}.Release|Any CPU.Build.0 = Release|Any CPU
		{90FC41E6-744A-4881-85CC-03406984C4EF}.Release|Any CPU.Deploy.0 = Release|Any CPU
		{E1FE921E-D549-46EB-A71C-AAE72501261A}.Debug|Any CPU.ActiveCfg = Debug|Any CPU
		{E1FE921E-D549-46EB-A71C-AAE72501261A}.Debug|Any CPU.Build.0 = Debug|Any CPU
		{E1FE921E-D549-46EB-A71C-AAE72501261A}.Release|Any CPU.ActiveCfg = Release|Any CPU
		{E1FE921E-D549-46EB-A71C-AAE72501261A}.Release|Any CPU.Build.0 = Release|Any CPU
	EndGlobalSection
	GlobalSection(SolutionProperties) = preSolution
		HideSolutionNode = FALSE
	EndGlobalSection
EndGlobal
